
Microsoft Visual Studio Solution File, Format Version 12.00
# Visual Studio 14
VisualStudioVersion = 14.0.23107.0
MinimumVisualStudioVersion = 10.0.40219.1
Project("{FAE04EC0-301F-11D3-BF4B-00C04F79EFBC}") = "Task1", "Task1\Task1.csproj", "{6449D5D2-497E-4F11-88C9-CA23ECDC0FC9}"
EndProject
Project("{FAE04EC0-301F-11D3-BF4B-00C04F79EFBC}") = "Task2", "Task2\Task2.csproj", "{40223105-33E0-4561-A9C8-A8738C1723F0}"
EndProject
Global
	GlobalSection(SolutionConfigurationPlatforms) = preSolution
		Debug|Any CPU = Debug|Any CPU
		Release|Any CPU = Release|Any CPU
	EndGlobalSection
	GlobalSection(ProjectConfigurationPlatforms) = postSolution
		{6449D5D2-497E-4F11-88C9-CA23ECDC0FC9}.Debug|Any CPU.ActiveCfg = Debug|Any CPU
		{6449D5D2-497E-4F11-88C9-CA23ECDC0FC9}.Debug|Any CPU.Build.0 = Debug|Any CPU
		{6449D5D2-497E-4F11-88C9-CA23ECDC0FC9}.Release|Any CPU.ActiveCfg = Release|Any CPU
		{6449D5D2-497E-4F11-88C9-CA23ECDC0FC9}.Release|Any CPU.Build.0 = Release|Any CPU
		{40223105-33E0-4561-A9C8-A8738C1723F0}.Debug|Any CPU.ActiveCfg = Debug|Any CPU
		{40223105-33E0-4561-A9C8-A8738C1723F0}.Debug|Any CPU.Build.0 = Debug|Any CPU
		{40223105-33E0-4561-A9C8-A8738C1723F0}.Release|Any CPU.ActiveCfg = Release|Any CPU
		{40223105-33E0-4561-A9C8-A8738C1723F0}.Release|Any CPU.Build.0 = Release|Any CPU
	EndGlobalSection
	GlobalSection(SolutionProperties) = preSolution
		HideSolutionNode = FALSE
	EndGlobalSection
EndGlobal
