
Microsoft Visual Studio Solution File, Format Version 12.00
# Visual Studio 14
VisualStudioVersion = 14.0.23107.0
MinimumVisualStudioVersion = 10.0.40219.1
Project("{FAE04EC0-301F-11D3-BF4B-00C04F79EFBC}") = "Task1", "Task1\Task1.csproj", "{648B8A2E-3A36-4F72-9D08-FF27718C41DC}"
EndProject
Project("{FAE04EC0-301F-11D3-BF4B-00C04F79EFBC}") = "Task2", "Task2\Task2.csproj", "{90AF169C-6813-47CE-99A3-D7DDE75E53DF}"
EndProject
Project("{FAE04EC0-301F-11D3-BF4B-00C04F79EFBC}") = "Task3", "Task3\Task3.csproj", "{978E23D1-FD3F-4675-AE6C-CD409DB34D8C}"
EndProject
Global
	GlobalSection(SolutionConfigurationPlatforms) = preSolution
		Debug|Any CPU = Debug|Any CPU
		Release|Any CPU = Release|Any CPU
	EndGlobalSection
	GlobalSection(ProjectConfigurationPlatforms) = postSolution
		{648B8A2E-3A36-4F72-9D08-FF27718C41DC}.Debug|Any CPU.ActiveCfg = Debug|Any CPU
		{648B8A2E-3A36-4F72-9D08-FF27718C41DC}.Debug|Any CPU.Build.0 = Debug|Any CPU
		{648B8A2E-3A36-4F72-9D08-FF27718C41DC}.Release|Any CPU.ActiveCfg = Release|Any CPU
		{648B8A2E-3A36-4F72-9D08-FF27718C41DC}.Release|Any CPU.Build.0 = Release|Any CPU
		{90AF169C-6813-47CE-99A3-D7DDE75E53DF}.Debug|Any CPU.ActiveCfg = Debug|Any CPU
		{90AF169C-6813-47CE-99A3-D7DDE75E53DF}.Debug|Any CPU.Build.0 = Debug|Any CPU
		{90AF169C-6813-47CE-99A3-D7DDE75E53DF}.Release|Any CPU.ActiveCfg = Release|Any CPU
		{90AF169C-6813-47CE-99A3-D7DDE75E53DF}.Release|Any CPU.Build.0 = Release|Any CPU
		{978E23D1-FD3F-4675-AE6C-CD409DB34D8C}.Debug|Any CPU.ActiveCfg = Debug|Any CPU
		{978E23D1-FD3F-4675-AE6C-CD409DB34D8C}.Debug|Any CPU.Build.0 = Debug|Any CPU
		{978E23D1-FD3F-4675-AE6C-CD409DB34D8C}.Release|Any CPU.ActiveCfg = Release|Any CPU
		{978E23D1-FD3F-4675-AE6C-CD409DB34D8C}.Release|Any CPU.Build.0 = Release|Any CPU
	EndGlobalSection
	GlobalSection(SolutionProperties) = preSolution
		HideSolutionNode = FALSE
	EndGlobalSection
EndGlobal
